<?xml version="1.0" encoding="utf-8"?>
<Project ToolsVersion="4.0" xmlns="http://schemas.microsoft.com/developer/msbuild/2003">
  <ItemGroup>
    <Filter Include="源文件">
      <UniqueIdentifier>{4FC737F1-C7A5-4376-A066-2A32D752A2FF}</UniqueIdentifier>
      <Extensions>cpp;c;cc;cxx;def;odl;idl;hpj;bat;asm;asmx</Extensions>
    </Filter>
    <Filter Include="资源文件">
      <UniqueIdentifier>{67DA6AB6-F800-4c08-8B7A-83BB121AAD01}</UniqueIdentifier>
      <Extensions>rc;ico;cur;bmp;dlg;rc2;rct;bin;rgs;gif;jpg;jpeg;jpe;resx;tiff;tif;png;wav;mfcribbon-ms</Extensions>
    </Filter>
    <Filter Include="源文件\NvCodec">
      <UniqueIdentifier>{91cbd43b-7ea8-493b-b30a-a8d2dbe9b1d6}</UniqueIdentifier>
    </Filter>
    <Filter Include="源文件\NvCodec\NvEncoder">
      <UniqueIdentifier>{fe2528ce-4296-46c3-9887-3aef1dedec83}</UniqueIdentifier>
    </Filter>
  </ItemGroup>
  <ItemGroup>
    <ClCompile Include="main.cpp">
      <Filter>源文件</Filter>
    </ClCompile>
    <ClCompile Include="NvCodec\NvEncoder\NvEncoder.cpp">
      <Filter>源文件\NvCodec\NvEncoder</Filter>
    </ClCompile>
    <ClCompile Include="NvCodec\NvEncoder\NvEncoderD3D9.cpp">
      <Filter>源文件\NvCodec\NvEncoder</Filter>
    </ClCompile>
    <ClCompile Include="NvCodec\NvEncoder\NvEncoderD3D11.cpp">
      <Filter>源文件\NvCodec\NvEncoder</Filter>
    </ClCompile>
  </ItemGroup>
  <ItemGroup>
    <ClInclude Include="NvCodec\NvEncoder\NvEncoder.h">
      <Filter>源文件\NvCodec\NvEncoder</Filter>
    </ClInclude>
    <ClInclude Include="NvCodec\NvEncoder\NvEncoderD3D9.h">
      <Filter>源文件\NvCodec\NvEncoder</Filter>
    </ClInclude>
    <ClInclude Include="NvCodec\NvEncoder\NvEncoderD3D11.h">
      <Filter>源文件\NvCodec\NvEncoder</Filter>
    </ClInclude>
  </ItemGroup>
</Project>